
Microsoft Visual Studio Solution File, Format Version 12.00
# Visual Studio 15
VisualStudioVersion = 15.0.28307.421
MinimumVisualStudioVersion = 10.0.40219.1
Project("{FAE04EC0-301F-11D3-BF4B-00C04F79EFBC}") = "user-send-microservice", "user-send-microservice\user-send-microservice.csproj", "{BFCF294B-91AB-495C-9F6D-F42B77A11E84}"
EndProject
Global
	GlobalSection(SolutionConfigurationPlatforms) = preSolution
		Debug|Any CPU = Debug|Any CPU
		Release|Any CPU = Release|Any CPU
	EndGlobalSection
	GlobalSection(ProjectConfigurationPlatforms) = postSolution
		{BFCF294B-91AB-495C-9F6D-F42B77A11E84}.Debug|Any CPU.ActiveCfg = Debug|Any CPU
		{BFCF294B-91AB-495C-9F6D-F42B77A11E84}.Debug|Any CPU.Build.0 = Debug|Any CPU
		{BFCF294B-91AB-495C-9F6D-F42B77A11E84}.Release|Any CPU.ActiveCfg = Release|Any CPU
		{BFCF294B-91AB-495C-9F6D-F42B77A11E84}.Release|Any CPU.Build.0 = Release|Any CPU
	EndGlobalSection
	GlobalSection(SolutionProperties) = preSolution
		HideSolutionNode = FALSE
	EndGlobalSection
	GlobalSection(ExtensibilityGlobals) = postSolution
		SolutionGuid = {DF47E67A-CE6D-4109-B4CE-BA3ADCE0E04A}
	EndGlobalSection
EndGlobal
